{
  "lockfile_version": "1",
  "packages": {
    "github:NixOS/nixpkgs/nixpkgs-unstable": {
      "last_modified": "2026-08-25T04:16:28Z",
      "resolved": "github:NixOS/nixpkgs/ac6b2166e7a9375683b8e98f860f273222337b16?lastModified=1787631388&narHash=sha256-vMiXptXarfSdJb1Gkc%2BFYVOAibuBRj7qxGa8z68q1Uw%3D"
    },
    "lefthook@2.1.10": {
      "last_modified": "2026-08-12T11:28:58Z",
      "resolved": "github:NixOS/nixpkgs/044bfe75bfe4c7bbe043dc17b5e42ea823b84a09#lefthook",
      "source": "devbox-search",
      "version": "2.1.10",
      "systems": {
        "aarch64-darwin": {
          "outputs": [
            {
              "name": "out",
              "path": "/nix/store/qbrq4nvlrd7k78iadpph7pwa4ra0z0sl-lefthook-2.1.10",
              "default": true
            }
          ],
          "store_path": "/nix/store/qbrq4nvlrd7k78iadpph7pwa4ra0z0sl-lefthook-2.1.10"
        },
        "aarch64-linux": {
          "outputs": [
            {
              "name": "out",
              "path": "/nix/store/wd9rvnrd5i46ia4v42wh8kfnnfd3v9lr-lefthook-2.1.10",
              "default": true
            }
          ],
          "store_path": "/nix/store/wd9rvnrd5i46ia4v42wh8kfnnfd3v9lr-lefthook-2.1.10"
        },
        "x86_64-linux": {
          "outputs": [
            {
              "name": "out",
              "path": "/nix/store/w3kgp8s9wm3b3yg484hvb318mdnznxvl-lefthook-2.1.10",
              "default": true
            }
          ],
          "store_path": "/nix/store/w3kgp8s9wm3b3yg484hvb318mdnznxvl-lefthook-2.1.10"
        }
      }
    }
  }
}
