{
  "lockfile_version": "1",
  "packages": {
    "github:NixOS/nixpkgs/nixpkgs-unstable": {
      "last_modified": "2026-03-13T07:10:38Z",
      "resolved": "github:NixOS/nixpkgs/fef542e7a88eec2b698389e6279464fd479926b6?lastModified=1773385838&narHash=sha256-ylF2AGl08seexxlLvMqj3jd%2ByZq56W9zicwe51mp0Pw%3D"
    },
    "lefthook@2.1.1": {
      "last_modified": "2026-02-23T15:40:43Z",
      "resolved": "github:NixOS/nixpkgs/80d901ec0377e19ac3f7bb8c035201e2e098cc97#lefthook",
      "source": "devbox-search",
      "version": "2.1.1",
      "systems": {
        "aarch64-darwin": {
          "outputs": [
            {
              "name": "out",
              "path": "/nix/store/bjfib611qahaz1ar2jcpv5n1yhd32n6d-lefthook-2.1.1",
              "default": true
            }
          ],
          "store_path": "/nix/store/bjfib611qahaz1ar2jcpv5n1yhd32n6d-lefthook-2.1.1"
        },
        "aarch64-linux": {
          "outputs": [
            {
              "name": "out",
              "path": "/nix/store/27jsapibvv93db507v3d1c99ran0ygnf-lefthook-2.1.1",
              "default": true
            }
          ],
          "store_path": "/nix/store/27jsapibvv93db507v3d1c99ran0ygnf-lefthook-2.1.1"
        },
        "x86_64-darwin": {
          "outputs": [
            {
              "name": "out",
              "path": "/nix/store/may82n10vx15lpj72fhlcnvzchw7kkjm-lefthook-2.1.1",
              "default": true
            }
          ],
          "store_path": "/nix/store/may82n10vx15lpj72fhlcnvzchw7kkjm-lefthook-2.1.1"
        },
        "x86_64-linux": {
          "outputs": [
            {
              "name": "out",
              "path": "/nix/store/g3zyhsqvkfdhz0dfg1bfk5baf49rvdxi-lefthook-2.1.1",
              "default": true
            }
          ],
          "store_path": "/nix/store/g3zyhsqvkfdhz0dfg1bfk5baf49rvdxi-lefthook-2.1.1"
        }
      }
    }
  }
}
